
Microsoft Visual Studio Solution File, Format Version 12.00
# Visual Studio Version 17
VisualStudioVersion = 17.12.35527.113 d17.12
MinimumVisualStudioVersion = 10.0.40219.1
Project("{FAE04EC0-301F-11D3-BF4B-00C04F79EFBC}") = "MatrixFinder", "MatrixFinder\MatrixFinder.csproj", "{5EAE2534-B839-4662-9A1F-840A782FE27B}"
EndProject
Project("{FAE04EC0-301F-11D3-BF4B-00C04F79EFBC}") = "TestingFinder", "TestingFinder\TestingFinder.csproj", "{2B55D2B6-DA25-470C-A435-34B3C071D35A}"
EndProject
Global
	GlobalSection(SolutionConfigurationPlatforms) = preSolution
		Debug|Any CPU = Debug|Any CPU
		Release|Any CPU = Release|Any CPU
	EndGlobalSection
	GlobalSection(ProjectConfigurationPlatforms) = postSolution
		{5EAE2534-B839-4662-9A1F-840A782FE27B}.Debug|Any CPU.ActiveCfg = Debug|Any CPU
		{5EAE2534-B839-4662-9A1F-840A782FE27B}.Debug|Any CPU.Build.0 = Debug|Any CPU
		{5EAE2534-B839-4662-9A1F-840A782FE27B}.Release|Any CPU.ActiveCfg = Release|Any CPU
		{5EAE2534-B839-4662-9A1F-840A782FE27B}.Release|Any CPU.Build.0 = Release|Any CPU
		{2B55D2B6-DA25-470C-A435-34B3C071D35A}.Debug|Any CPU.ActiveCfg = Debug|Any CPU
		{2B55D2B6-DA25-470C-A435-34B3C071D35A}.Debug|Any CPU.Build.0 = Debug|Any CPU
		{2B55D2B6-DA25-470C-A435-34B3C071D35A}.Release|Any CPU.ActiveCfg = Release|Any CPU
		{2B55D2B6-DA25-470C-A435-34B3C071D35A}.Release|Any CPU.Build.0 = Release|Any CPU
	EndGlobalSection
	GlobalSection(SolutionProperties) = preSolution
		HideSolutionNode = FALSE
	EndGlobalSection
EndGlobal
